
Microsoft Visual Studio Solution File, Format Version 12.00
# Visual Studio Version 17
VisualStudioVersion = 17.11.35208.52
MinimumVisualStudioVersion = 10.0.40219.1
Project("{FAE04EC0-301F-11D3-BF4B-00C04F79EFBC}") = "ForeignExchangeRate", "ForeignExchangeRate.csproj", "{98CD8DCB-93F0-41AF-87DD-808F8517D3E9}"
EndProject
Global
	GlobalSection(SolutionConfigurationPlatforms) = preSolution
		Debug|Any CPU = Debug|Any CPU
		Release|Any CPU = Release|Any CPU
	EndGlobalSection
	GlobalSection(ProjectConfigurationPlatforms) = postSolution
		{98CD8DCB-93F0-41AF-87DD-808F8517D3E9}.Debug|Any CPU.ActiveCfg = Debug|Any CPU
		{98CD8DCB-93F0-41AF-87DD-808F8517D3E9}.Debug|Any CPU.Build.0 = Debug|Any CPU
		{98CD8DCB-93F0-41AF-87DD-808F8517D3E9}.Release|Any CPU.ActiveCfg = Release|Any CPU
		{98CD8DCB-93F0-41AF-87DD-808F8517D3E9}.Release|Any CPU.Build.0 = Release|Any CPU
	EndGlobalSection
	GlobalSection(SolutionProperties) = preSolution
		HideSolutionNode = FALSE
	EndGlobalSection
	GlobalSection(ExtensibilityGlobals) = postSolution
		SolutionGuid = {89637D33-7FBD-4D9D-8B14-BB8AF01C1C76}
	EndGlobalSection
EndGlobal
